
Microsoft Visual Studio Solution File, Format Version 12.00
# Visual Studio Version 16
VisualStudioVersion = 16.0.32126.315
MinimumVisualStudioVersion = 10.0.40219.1
Project("{FAE04EC0-301F-11D3-BF4B-00C04F79EFBC}") = "WebAPP1", "WebAPP1.csproj", "{A7D92D97-F4F5-4389-B2CC-DA9E4FC7BA39}"
EndProject
Global
	GlobalSection(SolutionConfigurationPlatforms) = preSolution
		Debug|Any CPU = Debug|Any CPU
		Release|Any CPU = Release|Any CPU
	EndGlobalSection
	GlobalSection(ProjectConfigurationPlatforms) = postSolution
		{A7D92D97-F4F5-4389-B2CC-DA9E4FC7BA39}.Debug|Any CPU.ActiveCfg = Debug|Any CPU
		{A7D92D97-F4F5-4389-B2CC-DA9E4FC7BA39}.Debug|Any CPU.Build.0 = Debug|Any CPU
		{A7D92D97-F4F5-4389-B2CC-DA9E4FC7BA39}.Release|Any CPU.ActiveCfg = Release|Any CPU
		{A7D92D97-F4F5-4389-B2CC-DA9E4FC7BA39}.Release|Any CPU.Build.0 = Release|Any CPU
	EndGlobalSection
	GlobalSection(SolutionProperties) = preSolution
		HideSolutionNode = FALSE
	EndGlobalSection
	GlobalSection(ExtensibilityGlobals) = postSolution
		SolutionGuid = {72AF88F0-82E1-495A-BE69-7E3D170AED4B}
	EndGlobalSection
EndGlobal
